
Microsoft Visual Studio Solution File, Format Version 12.00
# Visual Studio Version 16
VisualStudioVersion = 16.0.29609.76
MinimumVisualStudioVersion = 10.0.40219.1
Project("{FAE04EC0-301F-11D3-BF4B-00C04F79EFBC}") = "DataPackChecker", "DataPackChecker\DataPackChecker.csproj", "{7C7834AE-B5FE-4177-A766-4ECC69407B81}"
EndProject
Project("{FAE04EC0-301F-11D3-BF4B-00C04F79EFBC}") = "Shared", "Shared\Shared.csproj", "{D443FA08-1307-4DF9-BC0F-01F28DD208BB}"
EndProject
Global
	GlobalSection(SolutionConfigurationPlatforms) = preSolution
		Debug|Any CPU = Debug|Any CPU
		Release|Any CPU = Release|Any CPU
	EndGlobalSection
	GlobalSection(ProjectConfigurationPlatforms) = postSolution
		{7C7834AE-B5FE-4177-A766-4ECC69407B81}.Debug|Any CPU.ActiveCfg = Debug|Any CPU
		{7C7834AE-B5FE-4177-A766-4ECC69407B81}.Debug|Any CPU.Build.0 = Debug|Any CPU
		{7C7834AE-B5FE-4177-A766-4ECC69407B81}.Release|Any CPU.ActiveCfg = Release|Any CPU
		{7C7834AE-B5FE-4177-A766-4ECC69407B81}.Release|Any CPU.Build.0 = Release|Any CPU
		{D443FA08-1307-4DF9-BC0F-01F28DD208BB}.Debug|Any CPU.ActiveCfg = Debug|Any CPU
		{D443FA08-1307-4DF9-BC0F-01F28DD208BB}.Debug|Any CPU.Build.0 = Debug|Any CPU
		{D443FA08-1307-4DF9-BC0F-01F28DD208BB}.Release|Any CPU.ActiveCfg = Release|Any CPU
		{D443FA08-1307-4DF9-BC0F-01F28DD208BB}.Release|Any CPU.Build.0 = Release|Any CPU
	EndGlobalSection
	GlobalSection(SolutionProperties) = preSolution
		HideSolutionNode = FALSE
	EndGlobalSection
	GlobalSection(ExtensibilityGlobals) = postSolution
		SolutionGuid = {14094E90-97A4-4AF3-AECE-A07E155367F2}
	EndGlobalSection
EndGlobal
